// !$*UTF8*$!
{
	archiveVersion = 1;
	classes = {
	};
	objectVersion = 48;
	objects = {

/* Begin PBXBuildFile section */
		6064C5CBB62732671E597A22 /* Pods_ConceptuSeriesUITests.framework in Frameworks */ = {isa = PBXBuildFile; fileRef = 793AA086B2773D907A9711FF /* Pods_ConceptuSeriesUITests.framework */; };
		61043242205DC697003622F5 /* PeopleViewController.swift in Sources */ = {isa = PBXBuildFile; fileRef = 61043241205DC697003622F5 /* PeopleViewController.swift */; };
		61043244205DC74A003622F5 /* NSManagedObject+Extension.swift in Sources */ = {isa = PBXBuildFile; fileRef = 61043243205DC74A003622F5 /* NSManagedObject+Extension.swift */; };
		61043246205DC7C4003622F5 /* SearchBarView.xib in Resources */ = {isa = PBXBuildFile; fileRef = 61043245205DC7C4003622F5 /* SearchBarView.xib */; };
		61043248205DC7D6003622F5 /* SearchBarView.swift in Sources */ = {isa = PBXBuildFile; fileRef = 61043247205DC7D6003622F5 /* SearchBarView.swift */; };
		6104324B205DCE19003622F5 /* GradientView.swift in Sources */ = {isa = PBXBuildFile; fileRef = 6104324A205DCE19003622F5 /* GradientView.swift */; };
		6104324E205DD196003622F5 /* ExploreView.swift in Sources */ = {isa = PBXBuildFile; fileRef = 6104324D205DD196003622F5 /* ExploreView.swift */; };
		61043250205DD24B003622F5 /* ConstraintManager.swift in Sources */ = {isa = PBXBuildFile; fileRef = 6104324F205DD24B003622F5 /* ConstraintManager.swift */; };
		61043254205DDA2B003622F5 /* ShowTableViewCell.xib in Resources */ = {isa = PBXBuildFile; fileRef = 61043253205DDA2B003622F5 /* ShowTableViewCell.xib */; };
		61043256205DDA40003622F5 /* ShowTableViewCell.swift in Sources */ = {isa = PBXBuildFile; fileRef = 61043255205DDA40003622F5 /* ShowTableViewCell.swift */; };
		6104325B205DF4FF003622F5 /* UIView+Extension.swift in Sources */ = {isa = PBXBuildFile; fileRef = 6104325A205DF4FF003622F5 /* UIView+Extension.swift */; };
		61043260205DFB78003622F5 /* DetailsShowView.swift in Sources */ = {isa = PBXBuildFile; fileRef = 6104325F205DFB78003622F5 /* DetailsShowView.swift */; };
		612A9391205DAFB800717429 /* FavoriteViewController.swift in Sources */ = {isa = PBXBuildFile; fileRef = 612A9390205DAFB800717429 /* FavoriteViewController.swift */; };
		616B1382205DA0A9005F8D87 /* Show+CoreDataProperties.swift in Sources */ = {isa = PBXBuildFile; fileRef = 616B137E205DA0A9005F8D87 /* Show+CoreDataProperties.swift */; };
		616B1384205DA0A9005F8D87 /* Show+CoreDataClass.swift in Sources */ = {isa = PBXBuildFile; fileRef = 616B1380205DA0A9005F8D87 /* Show+CoreDataClass.swift */; };
		61852B66205E208F00C22DDF /* UIImageView+Extension.swift in Sources */ = {isa = PBXBuildFile; fileRef = 61852B65205E208F00C22DDF /* UIImageView+Extension.swift */; };
		619DD96E205E0DDE004A9940 /* DetailsHeaderView.xib in Resources */ = {isa = PBXBuildFile; fileRef = 619DD96D205E0DDE004A9940 /* DetailsHeaderView.xib */; };
		619DD970205E0DEC004A9940 /* DetailsHeaderView.swift in Sources */ = {isa = PBXBuildFile; fileRef = 619DD96F205E0DEC004A9940 /* DetailsHeaderView.swift */; };
		619DD973205E1063004A9940 /* String+Extension.swift in Sources */ = {isa = PBXBuildFile; fileRef = 619DD972205E1063004A9940 /* String+Extension.swift */; };
		619DD975205E108A004A9940 /* Date+Extension.swift in Sources */ = {isa = PBXBuildFile; fileRef = 619DD974205E108A004A9940 /* Date+Extension.swift */; };
		619DD977205E10C7004A9940 /* DateFormatter+Extension.swift in Sources */ = {isa = PBXBuildFile; fileRef = 619DD976205E10C7004A9940 /* DateFormatter+Extension.swift */; };
		619DD97A205E1455004A9940 /* Episode+CoreDataProperties.swift in Sources */ = {isa = PBXBuildFile; fileRef = 619DD978205E1455004A9940 /* Episode+CoreDataProperties.swift */; };
		619DD97B205E1455004A9940 /* Episode+CoreDataClass.swift in Sources */ = {isa = PBXBuildFile; fileRef = 619DD979205E1455004A9940 /* Episode+CoreDataClass.swift */; };
		61AC8CD4205CCD8A009447B0 /* CoreDataDAO.swift in Sources */ = {isa = PBXBuildFile; fileRef = 61AC8CD3205CCD8A009447B0 /* CoreDataDAO.swift */; };
		61AC8CD7205CCDCC009447B0 /* DAO.swift in Sources */ = {isa = PBXBuildFile; fileRef = 61AC8CD6205CCDCC009447B0 /* DAO.swift */; };
		61AC8CDD205CD4D4009447B0 /* TVMazeAPI.swift in Sources */ = {isa = PBXBuildFile; fileRef = 61AC8CDC205CD4D4009447B0 /* TVMazeAPI.swift */; };
		61AC8CDF205CD769009447B0 /* ShowResponse.swift in Sources */ = {isa = PBXBuildFile; fileRef = 61AC8CDE205CD769009447B0 /* ShowResponse.swift */; };
		61AC8CEC205CEA53009447B0 /* EpisodeResponse.swift in Sources */ = {isa = PBXBuildFile; fileRef = 61AC8CEB205CEA53009447B0 /* EpisodeResponse.swift */; };
		61D161E4205CB94E00BDE81A /* AppDelegate.swift in Sources */ = {isa = PBXBuildFile; fileRef = 61D161E3205CB94E00BDE81A /* AppDelegate.swift */; };
		61D161E6205CB94E00BDE81A /* ExploreViewController.swift in Sources */ = {isa = PBXBuildFile; fileRef = 61D161E5205CB94E00BDE81A /* ExploreViewController.swift */; };
		61D161E9205CB94E00BDE81A /* Main.storyboard in Resources */ = {isa = PBXBuildFile; fileRef = 61D161E7205CB94E00BDE81A /* Main.storyboard */; };
		61D161EC205CB94E00BDE81A /* ConceptuSeries.xcdatamodeld in Sources */ = {isa = PBXBuildFile; fileRef = 61D161EA205CB94E00BDE81A /* ConceptuSeries.xcdatamodeld */; };
		61D161EE205CB94E00BDE81A /* Assets.xcassets in Resources */ = {isa = PBXBuildFile; fileRef = 61D161ED205CB94E00BDE81A /* Assets.xcassets */; };
		61D161F1205CB94E00BDE81A /* LaunchScreen.storyboard in Resources */ = {isa = PBXBuildFile; fileRef = 61D161EF205CB94E00BDE81A /* LaunchScreen.storyboard */; };
		61D161FC205CB94E00BDE81A /* ConceptuSeriesTests.swift in Sources */ = {isa = PBXBuildFile; fileRef = 61D161FB205CB94E00BDE81A /* ConceptuSeriesTests.swift */; };
		61D16207205CB94E00BDE81A /* ConceptuSeriesUITests.swift in Sources */ = {isa = PBXBuildFile; fileRef = 61D16206205CB94E00BDE81A /* ConceptuSeriesUITests.swift */; };
		86FE89A1152B26879DE82D55 /* Pods_ConceptuSeries.framework in Frameworks */ = {isa = PBXBuildFile; fileRef = BFB825356783DEA8661BE141 /* Pods_ConceptuSeries.framework */; };
		C706D13EFA42536AE7119938 /* Pods_ConceptuSeriesTests.framework in Frameworks */ = {isa = PBXBuildFile; fileRef = 1E379EC20BB790CF8F93209A /* Pods_ConceptuSeriesTests.framework */; };
/* End PBXBuildFile section */

/* Begin PBXContainerItemProxy section */
		61D161F8205CB94E00BDE81A /* PBXContainerItemProxy */ = {
			isa = PBXContainerItemProxy;
			containerPortal = 61D161D8205CB94E00BDE81A /* Project object */;
			proxyType = 1;
			remoteGlobalIDString = 61D161DF205CB94E00BDE81A;
			remoteInfo = ConceptuSeries;
		};
		61D16203205CB94E00BDE81A /* PBXContainerItemProxy */ = {
			isa = PBXContainerItemProxy;
			containerPortal = 61D161D8205CB94E00BDE81A /* Project object */;
			proxyType = 1;
			remoteGlobalIDString = 61D161DF205CB94E00BDE81A;
			remoteInfo = ConceptuSeries;
		};
/* End PBXContainerItemProxy section */

/* Begin PBXFileReference section */
		1E379EC20BB790CF8F93209A /* Pods_ConceptuSeriesTests.framework */ = {isa = PBXFileReference; explicitFileType = wrapper.framework; includeInIndex = 0; path = Pods_ConceptuSeriesTests.framework; sourceTree = BUILT_PRODUCTS_DIR; };
		3CC2F61EEDE9DE57D4CDC5AD /* Pods-ConceptuSeriesUITests.release.xcconfig */ = {isa = PBXFileReference; includeInIndex = 1; lastKnownFileType = text.xcconfig; name = "Pods-ConceptuSeriesUITests.release.xcconfig"; path = "Pods/Target Support Files/Pods-ConceptuSeriesUITests/Pods-ConceptuSeriesUITests.release.xcconfig"; sourceTree = "<group>"; };
		512439C6925C9DC286EFB1F1 /* Pods-ConceptuSeriesTests.debug.xcconfig */ = {isa = PBXFileReference; includeInIndex = 1; lastKnownFileType = text.xcconfig; name = "Pods-ConceptuSeriesTests.debug.xcconfig"; path = "Pods/Target Support Files/Pods-ConceptuSeriesTests/Pods-ConceptuSeriesTests.debug.xcconfig"; sourceTree = "<group>"; };
		542BD72CDE318EDEAB89BB99 /* Pods-ConceptuSeries.debug.xcconfig */ = {isa = PBXFileReference; includeInIndex = 1; lastKnownFileType = text.xcconfig; name = "Pods-ConceptuSeries.debug.xcconfig"; path = "Pods/Target Support Files/Pods-ConceptuSeries/Pods-ConceptuSeries.debug.xcconfig"; sourceTree = "<group>"; };
		56CC2D914305A9FEBC3319C9 /* Pods-ConceptuSeries.release.xcconfig */ = {isa = PBXFileReference; includeInIndex = 1; lastKnownFileType = text.xcconfig; name = "Pods-ConceptuSeries.release.xcconfig"; path = "Pods/Target Support Files/Pods-ConceptuSeries/Pods-ConceptuSeries.release.xcconfig"; sourceTree = "<group>"; };
		5E2FF7D440BC7525781E543F /* Pods-ConceptuSeriesUITests.debug.xcconfig */ = {isa = PBXFileReference; includeInIndex = 1; lastKnownFileType = text.xcconfig; name = "Pods-ConceptuSeriesUITests.debug.xcconfig"; path = "Pods/Target Support Files/Pods-ConceptuSeriesUITests/Pods-ConceptuSeriesUITests.debug.xcconfig"; sourceTree = "<group>"; };
		61043241205DC697003622F5 /* PeopleViewController.swift */ = {isa = PBXFileReference; lastKnownFileType = sourcecode.swift; path = PeopleViewController.swift; sourceTree = "<group>"; };
		61043243205DC74A003622F5 /* NSManagedObject+Extension.swift */ = {isa = PBXFileReference; lastKnownFileType = sourcecode.swift; path = "NSManagedObject+Extension.swift"; sourceTree = "<group>"; };
		61043245205DC7C4003622F5 /* SearchBarView.xib */ = {isa = PBXFileReference; lastKnownFileType = file.xib; path = SearchBarView.xib; sourceTree = "<group>"; };
		61043247205DC7D6003622F5 /* SearchBarView.swift */ = {isa = PBXFileReference; lastKnownFileType = sourcecode.swift; path = SearchBarView.swift; sourceTree = "<group>"; };
		6104324A205DCE19003622F5 /* GradientView.swift */ = {isa = PBXFileReference; lastKnownFileType = sourcecode.swift; path = GradientView.swift; sourceTree = "<group>"; };
		6104324D205DD196003622F5 /* ExploreView.swift */ = {isa = PBXFileReference; lastKnownFileType = sourcecode.swift; path = ExploreView.swift; sourceTree = "<group>"; };
		6104324F205DD24B003622F5 /* ConstraintManager.swift */ = {isa = PBXFileReference; lastKnownFileType = sourcecode.swift; path = ConstraintManager.swift; sourceTree = "<group>"; };
		61043253205DDA2B003622F5 /* ShowTableViewCell.xib */ = {isa = PBXFileReference; lastKnownFileType = file.xib; path = ShowTableViewCell.xib; sourceTree = "<group>"; };
		61043255205DDA40003622F5 /* ShowTableViewCell.swift */ = {isa = PBXFileReference; lastKnownFileType = sourcecode.swift; path = ShowTableViewCell.swift; sourceTree = "<group>"; };
		6104325A205DF4FF003622F5 /* UIView+Extension.swift */ = {isa = PBXFileReference; lastKnownFileType = sourcecode.swift; path = "UIView+Extension.swift"; sourceTree = "<group>"; };
		6104325F205DFB78003622F5 /* DetailsShowView.swift */ = {isa = PBXFileReference; lastKnownFileType = sourcecode.swift; path = DetailsShowView.swift; sourceTree = "<group>"; };
		612A9390205DAFB800717429 /* FavoriteViewController.swift */ = {isa = PBXFileReference; lastKnownFileType = sourcecode.swift; path = FavoriteViewController.swift; sourceTree = "<group>"; };
		616B137E205DA0A9005F8D87 /* Show+CoreDataProperties.swift */ = {isa = PBXFileReference; fileEncoding = 4; lastKnownFileType = sourcecode.swift; path = "Show+CoreDataProperties.swift"; sourceTree = "<group>"; };
		616B1380205DA0A9005F8D87 /* Show+CoreDataClass.swift */ = {isa = PBXFileReference; fileEncoding = 4; lastKnownFileType = sourcecode.swift; path = "Show+CoreDataClass.swift"; sourceTree = "<group>"; };
		61852B65205E208F00C22DDF /* UIImageView+Extension.swift */ = {isa = PBXFileReference; lastKnownFileType = sourcecode.swift; path = "UIImageView+Extension.swift"; sourceTree = "<group>"; };
		619DD96D205E0DDE004A9940 /* DetailsHeaderView.xib */ = {isa = PBXFileReference; lastKnownFileType = file.xib; path = DetailsHeaderView.xib; sourceTree = "<group>"; };
		619DD96F205E0DEC004A9940 /* DetailsHeaderView.swift */ = {isa = PBXFileReference; lastKnownFileType = sourcecode.swift; path = DetailsHeaderView.swift; sourceTree = "<group>"; };
		619DD972205E1063004A9940 /* String+Extension.swift */ = {isa = PBXFileReference; lastKnownFileType = sourcecode.swift; path = "String+Extension.swift"; sourceTree = "<group>"; };
		619DD974205E108A004A9940 /* Date+Extension.swift */ = {isa = PBXFileReference; lastKnownFileType = sourcecode.swift; path = "Date+Extension.swift"; sourceTree = "<group>"; };
		619DD976205E10C7004A9940 /* DateFormatter+Extension.swift */ = {isa = PBXFileReference; lastKnownFileType = sourcecode.swift; path = "DateFormatter+Extension.swift"; sourceTree = "<group>"; };
		619DD978205E1455004A9940 /* Episode+CoreDataProperties.swift */ = {isa = PBXFileReference; fileEncoding = 4; lastKnownFileType = sourcecode.swift; path = "Episode+CoreDataProperties.swift"; sourceTree = "<group>"; };
		619DD979205E1455004A9940 /* Episode+CoreDataClass.swift */ = {isa = PBXFileReference; fileEncoding = 4; lastKnownFileType = sourcecode.swift; path = "Episode+CoreDataClass.swift"; sourceTree = "<group>"; };
		61AC8CD3205CCD8A009447B0 /* CoreDataDAO.swift */ = {isa = PBXFileReference; lastKnownFileType = sourcecode.swift; path = CoreDataDAO.swift; sourceTree = "<group>"; };
		61AC8CD6205CCDCC009447B0 /* DAO.swift */ = {isa = PBXFileReference; lastKnownFileType = sourcecode.swift; path = DAO.swift; sourceTree = "<group>"; };
		61AC8CDC205CD4D4009447B0 /* TVMazeAPI.swift */ = {isa = PBXFileReference; lastKnownFileType = sourcecode.swift; path = TVMazeAPI.swift; sourceTree = "<group>"; };
		61AC8CDE205CD769009447B0 /* ShowResponse.swift */ = {isa = PBXFileReference; lastKnownFileType = sourcecode.swift; path = ShowResponse.swift; sourceTree = "<group>"; };
		61AC8CEB205CEA53009447B0 /* EpisodeResponse.swift */ = {isa = PBXFileReference; lastKnownFileType = sourcecode.swift; path = EpisodeResponse.swift; sourceTree = "<group>"; };
		61D161E0205CB94E00BDE81A /* ConceptuSeries.app */ = {isa = PBXFileReference; explicitFileType = wrapper.application; includeInIndex = 0; path = ConceptuSeries.app; sourceTree = BUILT_PRODUCTS_DIR; };
		61D161E3205CB94E00BDE81A /* AppDelegate.swift */ = {isa = PBXFileReference; lastKnownFileType = sourcecode.swift; path = AppDelegate.swift; sourceTree = "<group>"; };
		61D161E5205CB94E00BDE81A /* ExploreViewController.swift */ = {isa = PBXFileReference; lastKnownFileType = sourcecode.swift; path = ExploreViewController.swift; sourceTree = "<group>"; };
		61D161E8205CB94E00BDE81A /* Base */ = {isa = PBXFileReference; lastKnownFileType = file.storyboard; name = Base; path = Base.lproj/Main.storyboard; sourceTree = "<group>"; };
		61D161EB205CB94E00BDE81A /* ConceptuSeries.xcdatamodel */ = {isa = PBXFileReference; lastKnownFileType = wrapper.xcdatamodel; path = ConceptuSeries.xcdatamodel; sourceTree = "<group>"; };
		61D161ED205CB94E00BDE81A /* Assets.xcassets */ = {isa = PBXFileReference; lastKnownFileType = folder.assetcatalog; path = Assets.xcassets; sourceTree = "<group>"; };
		61D161F0205CB94E00BDE81A /* Base */ = {isa = PBXFileReference; lastKnownFileType = file.storyboard; name = Base; path = Base.lproj/LaunchScreen.storyboard; sourceTree = "<group>"; };
		61D161F2205CB94E00BDE81A /* Info.plist */ = {isa = PBXFileReference; lastKnownFileType = text.plist.xml; path = Info.plist; sourceTree = "<group>"; };
		61D161F7205CB94E00BDE81A /* ConceptuSeriesTests.xctest */ = {isa = PBXFileReference; explicitFileType = wrapper.cfbundle; includeInIndex = 0; path = ConceptuSeriesTests.xctest; sourceTree = BUILT_PRODUCTS_DIR; };
		61D161FB205CB94E00BDE81A /* ConceptuSeriesTests.swift */ = {isa = PBXFileReference; lastKnownFileType = sourcecode.swift; path = ConceptuSeriesTests.swift; sourceTree = "<group>"; };
		61D161FD205CB94E00BDE81A /* Info.plist */ = {isa = PBXFileReference; lastKnownFileType = text.plist.xml; path = Info.plist; sourceTree = "<group>"; };
		61D16202205CB94E00BDE81A /* ConceptuSeriesUITests.xctest */ = {isa = PBXFileReference; explicitFileType = wrapper.cfbundle; includeInIndex = 0; path = ConceptuSeriesUITests.xctest; sourceTree = BUILT_PRODUCTS_DIR; };
		61D16206205CB94E00BDE81A /* ConceptuSeriesUITests.swift */ = {isa = PBXFileReference; lastKnownFileType = sourcecode.swift; path = ConceptuSeriesUITests.swift; sourceTree = "<group>"; };
		61D16208205CB94E00BDE81A /* Info.plist */ = {isa = PBXFileReference; lastKnownFileType = text.plist.xml; path = Info.plist; sourceTree = "<group>"; };
		793AA086B2773D907A9711FF /* Pods_ConceptuSeriesUITests.framework */ = {isa = PBXFileReference; explicitFileType = wrapper.framework; includeInIndex = 0; path = Pods_ConceptuSeriesUITests.framework; sourceTree = BUILT_PRODUCTS_DIR; };
		BFB825356783DEA8661BE141 /* Pods_ConceptuSeries.framework */ = {isa = PBXFileReference; explicitFileType = wrapper.framework; includeInIndex = 0; path = Pods_ConceptuSeries.framework; sourceTree = BUILT_PRODUCTS_DIR; };
		D3B4B0BF7DF9D4582EDC7DE2 /* Pods-ConceptuSeriesTests.release.xcconfig */ = {isa = PBXFileReference; includeInIndex = 1; lastKnownFileType = text.xcconfig; name = "Pods-ConceptuSeriesTests.release.xcconfig"; path = "Pods/Target Support Files/Pods-ConceptuSeriesTests/Pods-ConceptuSeriesTests.release.xcconfig"; sourceTree = "<group>"; };
/* End PBXFileReference section */

/* Begin PBXFrameworksBuildPhase section */
		61D161DD205CB94E00BDE81A /* Frameworks */ = {
			isa = PBXFrameworksBuildPhase;
			buildActionMask = 2147483647;
			files = (
				86FE89A1152B26879DE82D55 /* Pods_ConceptuSeries.framework in Frameworks */,
			);
			runOnlyForDeploymentPostprocessing = 0;
		};
		61D161F4205CB94E00BDE81A /* Frameworks */ = {
			isa = PBXFrameworksBuildPhase;
			buildActionMask = 2147483647;
			files = (
				C706D13EFA42536AE7119938 /* Pods_ConceptuSeriesTests.framework in Frameworks */,
			);
			runOnlyForDeploymentPostprocessing = 0;
		};
		61D161FF205CB94E00BDE81A /* Frameworks */ = {
			isa = PBXFrameworksBuildPhase;
			buildActionMask = 2147483647;
			files = (
				6064C5CBB62732671E597A22 /* Pods_ConceptuSeriesUITests.framework in Frameworks */,
			);
			runOnlyForDeploymentPostprocessing = 0;
		};
/* End PBXFrameworksBuildPhase section */

/* Begin PBXGroup section */
		06EB2C6FD2E7AEF5F6DDB1EF /* Pods */ = {
			isa = PBXGroup;
			children = (
				542BD72CDE318EDEAB89BB99 /* Pods-ConceptuSeries.debug.xcconfig */,
				56CC2D914305A9FEBC3319C9 /* Pods-ConceptuSeries.release.xcconfig */,
				512439C6925C9DC286EFB1F1 /* Pods-ConceptuSeriesTests.debug.xcconfig */,
				D3B4B0BF7DF9D4582EDC7DE2 /* Pods-ConceptuSeriesTests.release.xcconfig */,
				5E2FF7D440BC7525781E543F /* Pods-ConceptuSeriesUITests.debug.xcconfig */,
				3CC2F61EEDE9DE57D4CDC5AD /* Pods-ConceptuSeriesUITests.release.xcconfig */,
			);
			name = Pods;
			sourceTree = "<group>";
		};
		61043249205DC7DF003622F5 /* SearchBar */ = {
			isa = PBXGroup;
			children = (
				61043245205DC7C4003622F5 /* SearchBarView.xib */,
				61043247205DC7D6003622F5 /* SearchBarView.swift */,
			);
			path = SearchBar;
			sourceTree = "<group>";
		};
		6104324C205DD16E003622F5 /* ExploreView */ = {
			isa = PBXGroup;
			children = (
				6104324D205DD196003622F5 /* ExploreView.swift */,
			);
			path = ExploreView;
			sourceTree = "<group>";
		};
		61043251205DD252003622F5 /* Manager */ = {
			isa = PBXGroup;
			children = (
				6104324F205DD24B003622F5 /* ConstraintManager.swift */,
			);
			path = Manager;
			sourceTree = "<group>";
		};
		61043252205DD9CE003622F5 /* Cell */ = {
			isa = PBXGroup;
			children = (
				61043257205DDA49003622F5 /* Show */,
				61043258205DDA77003622F5 /* Episode */,
				61043259205DDA83003622F5 /* Genre */,
			);
			path = Cell;
			sourceTree = "<group>";
		};
		61043257205DDA49003622F5 /* Show */ = {
			isa = PBXGroup;
			children = (
				61043253205DDA2B003622F5 /* ShowTableViewCell.xib */,
				61043255205DDA40003622F5 /* ShowTableViewCell.swift */,
			);
			path = Show;
			sourceTree = "<group>";
		};
		61043258205DDA77003622F5 /* Episode */ = {
			isa = PBXGroup;
			children = (
			);
			path = Episode;
			sourceTree = "<group>";
		};
		61043259205DDA83003622F5 /* Genre */ = {
			isa = PBXGroup;
			children = (
			);
			path = Genre;
			sourceTree = "<group>";
		};
		6104325E205DFB33003622F5 /* DetailsShow */ = {
			isa = PBXGroup;
			children = (
				619DD971205E0E1B004A9940 /* DetailsHeaderView */,
				6104325F205DFB78003622F5 /* DetailsShowView.swift */,
			);
			path = DetailsShow;
			sourceTree = "<group>";
		};
		619DD971205E0E1B004A9940 /* DetailsHeaderView */ = {
			isa = PBXGroup;
			children = (
				619DD96D205E0DDE004A9940 /* DetailsHeaderView.xib */,
				619DD96F205E0DEC004A9940 /* DetailsHeaderView.swift */,
			);
			path = DetailsHeaderView;
			sourceTree = "<group>";
		};
		61AC8CB3205CBED1009447B0 /* Model */ = {
			isa = PBXGroup;
			children = (
				61AC8CD0205CCD39009447B0 /* Show */,
				61AC8CD1205CCD45009447B0 /* Episode */,
			);
			path = Model;
			sourceTree = "<group>";
		};
		61AC8CB4205CBEDA009447B0 /* View */ = {
			isa = PBXGroup;
			children = (
				61AC8CB6205CBEFF009447B0 /* Storyboard */,
				61043249205DC7DF003622F5 /* SearchBar */,
				6104324C205DD16E003622F5 /* ExploreView */,
				6104325E205DFB33003622F5 /* DetailsShow */,
				61043252205DD9CE003622F5 /* Cell */,
				6104324A205DCE19003622F5 /* GradientView.swift */,
			);
			path = View;
			sourceTree = "<group>";
		};
		61AC8CB5205CBEE5009447B0 /* Controller */ = {
			isa = PBXGroup;
			children = (
				61043251205DD252003622F5 /* Manager */,
				61D161E5205CB94E00BDE81A /* ExploreViewController.swift */,
				612A9390205DAFB800717429 /* FavoriteViewController.swift */,
				61043241205DC697003622F5 /* PeopleViewController.swift */,
			);
			path = Controller;
			sourceTree = "<group>";
		};
		61AC8CB6205CBEFF009447B0 /* Storyboard */ = {
			isa = PBXGroup;
			children = (
				61D161EF205CB94E00BDE81A /* LaunchScreen.storyboard */,
				61D161E7205CB94E00BDE81A /* Main.storyboard */,
			);
			path = Storyboard;
			sourceTree = "<group>";
		};
		61AC8CD0205CCD39009447B0 /* Show */ = {
			isa = PBXGroup;
			children = (
				616B1380205DA0A9005F8D87 /* Show+CoreDataClass.swift */,
				616B137E205DA0A9005F8D87 /* Show+CoreDataProperties.swift */,
			);
			path = Show;
			sourceTree = "<group>";
		};
		61AC8CD1205CCD45009447B0 /* Episode */ = {
			isa = PBXGroup;
			children = (
				619DD979205E1455004A9940 /* Episode+CoreDataClass.swift */,
				619DD978205E1455004A9940 /* Episode+CoreDataProperties.swift */,
			);
			path = Episode;
			sourceTree = "<group>";
		};
		61AC8CD2205CCD74009447B0 /* DAO */ = {
			isa = PBXGroup;
			children = (
				61AC8CD6205CCDCC009447B0 /* DAO.swift */,
				61AC8CD3205CCD8A009447B0 /* CoreDataDAO.swift */,
			);
			path = DAO;
			sourceTree = "<group>";
		};
		61AC8CD5205CCDA3009447B0 /* Extension */ = {
			isa = PBXGroup;
			children = (
				61043243205DC74A003622F5 /* NSManagedObject+Extension.swift */,
				6104325A205DF4FF003622F5 /* UIView+Extension.swift */,
				619DD972205E1063004A9940 /* String+Extension.swift */,
				619DD974205E108A004A9940 /* Date+Extension.swift */,
				619DD976205E10C7004A9940 /* DateFormatter+Extension.swift */,
				61852B65205E208F00C22DDF /* UIImageView+Extension.swift */,
			);
			path = Extension;
			sourceTree = "<group>";
		};
		61AC8CDB205CD49E009447B0 /* Networking */ = {
			isa = PBXGroup;
			children = (
				61AC8CDC205CD4D4009447B0 /* TVMazeAPI.swift */,
				61AC8CE4205CDD36009447B0 /* Response */,
			);
			path = Networking;
			sourceTree = "<group>";
		};
		61AC8CE4205CDD36009447B0 /* Response */ = {
			isa = PBXGroup;
			children = (
				61AC8CDE205CD769009447B0 /* ShowResponse.swift */,
				61AC8CEB205CEA53009447B0 /* EpisodeResponse.swift */,
			);
			path = Response;
			sourceTree = "<group>";
		};
		61D161D7205CB94E00BDE81A = {
			isa = PBXGroup;
			children = (
				61D161E2205CB94E00BDE81A /* ConceptuSeries */,
				61D161FA205CB94E00BDE81A /* ConceptuSeriesTests */,
				61D16205205CB94E00BDE81A /* ConceptuSeriesUITests */,
				61D161E1205CB94E00BDE81A /* Products */,
				06EB2C6FD2E7AEF5F6DDB1EF /* Pods */,
				C4F90A551F20C1FCCCB01E85 /* Frameworks */,
			);
			sourceTree = "<group>";
		};
		61D161E1205CB94E00BDE81A /* Products */ = {
			isa = PBXGroup;
			children = (
				61D161E0205CB94E00BDE81A /* ConceptuSeries.app */,
				61D161F7205CB94E00BDE81A /* ConceptuSeriesTests.xctest */,
				61D16202205CB94E00BDE81A /* ConceptuSeriesUITests.xctest */,
			);
			name = Products;
			sourceTree = "<group>";
		};
		61D161E2205CB94E00BDE81A /* ConceptuSeries */ = {
			isa = PBXGroup;
			children = (
				61D161E3205CB94E00BDE81A /* AppDelegate.swift */,
				61AC8CD2205CCD74009447B0 /* DAO */,
				61AC8CB3205CBED1009447B0 /* Model */,
				61AC8CB4205CBEDA009447B0 /* View */,
				61AC8CB5205CBEE5009447B0 /* Controller */,
				61AC8CDB205CD49E009447B0 /* Networking */,
				61AC8CD5205CCDA3009447B0 /* Extension */,
				61D161ED205CB94E00BDE81A /* Assets.xcassets */,
				61D161F2205CB94E00BDE81A /* Info.plist */,
				61D161EA205CB94E00BDE81A /* ConceptuSeries.xcdatamodeld */,
			);
			path = ConceptuSeries;
			sourceTree = "<group>";
		};
		61D161FA205CB94E00BDE81A /* ConceptuSeriesTests */ = {
			isa = PBXGroup;
			children = (
				61D161FB205CB94E00BDE81A /* ConceptuSeriesTests.swift */,
				61D161FD205CB94E00BDE81A /* Info.plist */,
			);
			path = ConceptuSeriesTests;
			sourceTree = "<group>";
		};
		61D16205205CB94E00BDE81A /* ConceptuSeriesUITests */ = {
			isa = PBXGroup;
			children = (
				61D16206205CB94E00BDE81A /* ConceptuSeriesUITests.swift */,
				61D16208205CB94E00BDE81A /* Info.plist */,
			);
			path = ConceptuSeriesUITests;
			sourceTree = "<group>";
		};
		C4F90A551F20C1FCCCB01E85 /* Frameworks */ = {
			isa = PBXGroup;
			children = (
				BFB825356783DEA8661BE141 /* Pods_ConceptuSeries.framework */,
				1E379EC20BB790CF8F93209A /* Pods_ConceptuSeriesTests.framework */,
				793AA086B2773D907A9711FF /* Pods_ConceptuSeriesUITests.framework */,
			);
			name = Frameworks;
			sourceTree = "<group>";
		};
/* End PBXGroup section */

/* Begin PBXNativeTarget section */
		61D161DF205CB94E00BDE81A /* ConceptuSeries */ = {
			isa = PBXNativeTarget;
			buildConfigurationList = 61D1620B205CB94E00BDE81A /* Build configuration list for PBXNativeTarget "ConceptuSeries" */;
			buildPhases = (
				4D866292863B88EEBB778374 /* [CP] Check Pods Manifest.lock */,
				61D161DC205CB94E00BDE81A /* Sources */,
				61D161DD205CB94E00BDE81A /* Frameworks */,
				61D161DE205CB94E00BDE81A /* Resources */,
				A6BEA53A13113AD7689BC97D /* [CP] Embed Pods Frameworks */,
				FC7D9E1E18EDF3A7A1D5DE5B /* [CP] Copy Pods Resources */,
			);
			buildRules = (
			);
			dependencies = (
			);
			name = ConceptuSeries;
			productName = ConceptuSeries;
			productReference = 61D161E0205CB94E00BDE81A /* ConceptuSeries.app */;
			productType = "com.apple.product-type.application";
		};
		61D161F6205CB94E00BDE81A /* ConceptuSeriesTests */ = {
			isa = PBXNativeTarget;
			buildConfigurationList = 61D1620E205CB94E00BDE81A /* Build configuration list for PBXNativeTarget "ConceptuSeriesTests" */;
			buildPhases = (
				31A1E86BB1AD8A605CD6C578 /* [CP] Check Pods Manifest.lock */,
				61D161F3205CB94E00BDE81A /* Sources */,
				61D161F4205CB94E00BDE81A /* Frameworks */,
				61D161F5205CB94E00BDE81A /* Resources */,
				6E549C43CD12D62AE6A0CA81 /* [CP] Embed Pods Frameworks */,
				22BA2F86D4DAA1F9D3A86A09 /* [CP] Copy Pods Resources */,
			);
			buildRules = (
			);
			dependencies = (
				61D161F9205CB94E00BDE81A /* PBXTargetDependency */,
			);
			name = ConceptuSeriesTests;
			productName = ConceptuSeriesTests;
			productReference = 61D161F7205CB94E00BDE81A /* ConceptuSeriesTests.xctest */;
			productType = "com.apple.product-type.bundle.unit-test";
		};
		61D16201205CB94E00BDE81A /* ConceptuSeriesUITests */ = {
			isa = PBXNativeTarget;
			buildConfigurationList = 61D16211205CB94E00BDE81A /* Build configuration list for PBXNativeTarget "ConceptuSeriesUITests" */;
			buildPhases = (
				A88E3D2450E1246ECAEBE7A2 /* [CP] Check Pods Manifest.lock */,
				61D161FE205CB94E00BDE81A /* Sources */,
				61D161FF205CB94E00BDE81A /* Frameworks */,
				61D16200205CB94E00BDE81A /* Resources */,
				5EDF68B8AF0B612CCE216A09 /* [CP] Embed Pods Frameworks */,
				252ECFAA4809BED9367F3819 /* [CP] Copy Pods Resources */,
			);
			buildRules = (
			);
			dependencies = (
				61D16204205CB94E00BDE81A /* PBXTargetDependency */,
			);
			name = ConceptuSeriesUITests;
			productName = ConceptuSeriesUITests;
			productReference = 61D16202205CB94E00BDE81A /* ConceptuSeriesUITests.xctest */;
			productType = "com.apple.product-type.bundle.ui-testing";
		};
/* End PBXNativeTarget section */

/* Begin PBXProject section */
		61D161D8205CB94E00BDE81A /* Project object */ = {
			isa = PBXProject;
			attributes = {
				LastSwiftUpdateCheck = 0920;
				LastUpgradeCheck = 0920;
				ORGANIZATIONNAME = "Gabriel Cavalcante";
				TargetAttributes = {
					61D161DF205CB94E00BDE81A = {
						CreatedOnToolsVersion = 9.2;
						ProvisioningStyle = Automatic;
					};
					61D161F6205CB94E00BDE81A = {
						CreatedOnToolsVersion = 9.2;
						ProvisioningStyle = Automatic;
						TestTargetID = 61D161DF205CB94E00BDE81A;
					};
					61D16201205CB94E00BDE81A = {
						CreatedOnToolsVersion = 9.2;
						ProvisioningStyle = Automatic;
						TestTargetID = 61D161DF205CB94E00BDE81A;
					};
				};
			};
			buildConfigurationList = 61D161DB205CB94E00BDE81A /* Build configuration list for PBXProject "ConceptuSeries" */;
			compatibilityVersion = "Xcode 8.0";
			developmentRegion = en;
			hasScannedForEncodings = 0;
			knownRegions = (
				en,
				Base,
			);
			mainGroup = 61D161D7205CB94E00BDE81A;
			productRefGroup = 61D161E1205CB94E00BDE81A /* Products */;
			projectDirPath = "";
			projectRoot = "";
			targets = (
				61D161DF205CB94E00BDE81A /* ConceptuSeries */,
				61D161F6205CB94E00BDE81A /* ConceptuSeriesTests */,
				61D16201205CB94E00BDE81A /* ConceptuSeriesUITests */,
			);
		};
/* End PBXProject section */

/* Begin PBXResourcesBuildPhase section */
		61D161DE205CB94E00BDE81A /* Resources */ = {
			isa = PBXResourcesBuildPhase;
			buildActionMask = 2147483647;
			files = (
				61043246205DC7C4003622F5 /* SearchBarView.xib in Resources */,
				619DD96E205E0DDE004A9940 /* DetailsHeaderView.xib in Resources */,
				61D161F1205CB94E00BDE81A /* LaunchScreen.storyboard in Resources */,
				61043254205DDA2B003622F5 /* ShowTableViewCell.xib in Resources */,
				61D161EE205CB94E00BDE81A /* Assets.xcassets in Resources */,
				61D161E9205CB94E00BDE81A /* Main.storyboard in Resources */,
			);
			runOnlyForDeploymentPostprocessing = 0;
		};
		61D161F5205CB94E00BDE81A /* Resources */ = {
			isa = PBXResourcesBuildPhase;
			buildActionMask = 2147483647;
			files = (
			);
			runOnlyForDeploymentPostprocessing = 0;
		};
		61D16200205CB94E00BDE81A /* Resources */ = {
			isa = PBXResourcesBuildPhase;
			buildActionMask = 2147483647;
			files = (
			);
			runOnlyForDeploymentPostprocessing = 0;
		};
/* End PBXResourcesBuildPhase section */

/* Begin PBXShellScriptBuildPhase section */
		22BA2F86D4DAA1F9D3A86A09 /* [CP] Copy Pods Resources */ = {
			isa = PBXShellScriptBuildPhase;
			buildActionMask = 2147483647;
			files = (
			);
			inputPaths = (
			);
			name = "[CP] Copy Pods Resources";
			outputPaths = (
			);
			runOnlyForDeploymentPostprocessing = 0;
			shellPath = /bin/sh;
			shellScript = "\"${SRCROOT}/Pods/Target Support Files/Pods-ConceptuSeriesTests/Pods-ConceptuSeriesTests-resources.sh\"\n";
			showEnvVarsInLog = 0;
		};
		252ECFAA4809BED9367F3819 /* [CP] Copy Pods Resources */ = {
			isa = PBXShellScriptBuildPhase;
			buildActionMask = 2147483647;
			files = (
			);
			inputPaths = (
			);
			name = "[CP] Copy Pods Resources";
			outputPaths = (
			);
			runOnlyForDeploymentPostprocessing = 0;
			shellPath = /bin/sh;
			shellScript = "\"${SRCROOT}/Pods/Target Support Files/Pods-ConceptuSeriesUITests/Pods-ConceptuSeriesUITests-resources.sh\"\n";
			showEnvVarsInLog = 0;
		};
		31A1E86BB1AD8A605CD6C578 /* [CP] Check Pods Manifest.lock */ = {
			isa = PBXShellScriptBuildPhase;
			buildActionMask = 2147483647;
			files = (
			);
			inputPaths = (
				"${PODS_PODFILE_DIR_PATH}/Podfile.lock",
				"${PODS_ROOT}/Manifest.lock",
			);
			name = "[CP] Check Pods Manifest.lock";
			outputPaths = (
				"$(DERIVED_FILE_DIR)/Pods-ConceptuSeriesTests-checkManifestLockResult.txt",
			);
			runOnlyForDeploymentPostprocessing = 0;
			shellPath = /bin/sh;
			shellScript = "diff \"${PODS_PODFILE_DIR_PATH}/Podfile.lock\" \"${PODS_ROOT}/Manifest.lock\" > /dev/null\nif [ $? != 0 ] ; then\n    # print error to STDERR\n    echo \"error: The sandbox is not in sync with the Podfile.lock. Run 'pod install' or update your CocoaPods installation.\" >&2\n    exit 1\nfi\n# This output is used by Xcode 'outputs' to avoid re-running this script phase.\necho \"SUCCESS\" > \"${SCRIPT_OUTPUT_FILE_0}\"\n";
			showEnvVarsInLog = 0;
		};
		4D866292863B88EEBB778374 /* [CP] Check Pods Manifest.lock */ = {
			isa = PBXShellScriptBuildPhase;
			buildActionMask = 2147483647;
			files = (
			);
			inputPaths = (
				"${PODS_PODFILE_DIR_PATH}/Podfile.lock",
				"${PODS_ROOT}/Manifest.lock",
			);
			name = "[CP] Check Pods Manifest.lock";
			outputPaths = (
				"$(DERIVED_FILE_DIR)/Pods-ConceptuSeries-checkManifestLockResult.txt",
			);
			runOnlyForDeploymentPostprocessing = 0;
			shellPath = /bin/sh;
			shellScript = "diff \"${PODS_PODFILE_DIR_PATH}/Podfile.lock\" \"${PODS_ROOT}/Manifest.lock\" > /dev/null\nif [ $? != 0 ] ; then\n    # print error to STDERR\n    echo \"error: The sandbox is not in sync with the Podfile.lock. Run 'pod install' or update your CocoaPods installation.\" >&2\n    exit 1\nfi\n# This output is used by Xcode 'outputs' to avoid re-running this script phase.\necho \"SUCCESS\" > \"${SCRIPT_OUTPUT_FILE_0}\"\n";
			showEnvVarsInLog = 0;
		};
		5EDF68B8AF0B612CCE216A09 /* [CP] Embed Pods Frameworks */ = {
			isa = PBXShellScriptBuildPhase;
			buildActionMask = 2147483647;
			files = (
			);
			inputPaths = (
			);
			name = "[CP] Embed Pods Frameworks";
			outputPaths = (
			);
			runOnlyForDeploymentPostprocessing = 0;
			shellPath = /bin/sh;
			shellScript = "\"${SRCROOT}/Pods/Target Support Files/Pods-ConceptuSeriesUITests/Pods-ConceptuSeriesUITests-frameworks.sh\"\n";
			showEnvVarsInLog = 0;
		};
		6E549C43CD12D62AE6A0CA81 /* [CP] Embed Pods Frameworks */ = {
			isa = PBXShellScriptBuildPhase;
			buildActionMask = 2147483647;
			files = (
			);
			inputPaths = (
			);
			name = "[CP] Embed Pods Frameworks";
			outputPaths = (
			);
			runOnlyForDeploymentPostprocessing = 0;
			shellPath = /bin/sh;
			shellScript = "\"${SRCROOT}/Pods/Target Support Files/Pods-ConceptuSeriesTests/Pods-ConceptuSeriesTests-frameworks.sh\"\n";
			showEnvVarsInLog = 0;
		};
		A6BEA53A13113AD7689BC97D /* [CP] Embed Pods Frameworks */ = {
			isa = PBXShellScriptBuildPhase;
			buildActionMask = 2147483647;
			files = (
			);
			inputPaths = (
				"${SRCROOT}/Pods/Target Support Files/Pods-ConceptuSeries/Pods-ConceptuSeries-frameworks.sh",
				"${BUILT_PRODUCTS_DIR}/Alamofire/Alamofire.framework",
				"${BUILT_PRODUCTS_DIR}/AlamofireImage/AlamofireImage.framework",
				"${BUILT_PRODUCTS_DIR}/Gloss/Gloss.framework",
				"${BUILT_PRODUCTS_DIR}/NVActivityIndicatorView/NVActivityIndicatorView.framework",
			);
			name = "[CP] Embed Pods Frameworks";
			outputPaths = (
				"${TARGET_BUILD_DIR}/${FRAMEWORKS_FOLDER_PATH}/Alamofire.framework",
				"${TARGET_BUILD_DIR}/${FRAMEWORKS_FOLDER_PATH}/AlamofireImage.framework",
				"${TARGET_BUILD_DIR}/${FRAMEWORKS_FOLDER_PATH}/Gloss.framework",
				"${TARGET_BUILD_DIR}/${FRAMEWORKS_FOLDER_PATH}/NVActivityIndicatorView.framework",
			);
			runOnlyForDeploymentPostprocessing = 0;
			shellPath = /bin/sh;
			shellScript = "\"${SRCROOT}/Pods/Target Support Files/Pods-ConceptuSeries/Pods-ConceptuSeries-frameworks.sh\"\n";
			showEnvVarsInLog = 0;
		};
		A88E3D2450E1246ECAEBE7A2 /* [CP] Check Pods Manifest.lock */ = {
			isa = PBXShellScriptBuildPhase;
			buildActionMask = 2147483647;
			files = (
			);
			inputPaths = (
				"${PODS_PODFILE_DIR_PATH}/Podfile.lock",
				"${PODS_ROOT}/Manifest.lock",
			);
			name = "[CP] Check Pods Manifest.lock";
			outputPaths = (
				"$(DERIVED_FILE_DIR)/Pods-ConceptuSeriesUITests-checkManifestLockResult.txt",
			);
			runOnlyForDeploymentPostprocessing = 0;
			shellPath = /bin/sh;
			shellScript = "diff \"${PODS_PODFILE_DIR_PATH}/Podfile.lock\" \"${PODS_ROOT}/Manifest.lock\" > /dev/null\nif [ $? != 0 ] ; then\n    # print error to STDERR\n    echo \"error: The sandbox is not in sync with the Podfile.lock. Run 'pod install' or update your CocoaPods installation.\" >&2\n    exit 1\nfi\n# This output is used by Xcode 'outputs' to avoid re-running this script phase.\necho \"SUCCESS\" > \"${SCRIPT_OUTPUT_FILE_0}\"\n";
			showEnvVarsInLog = 0;
		};
		FC7D9E1E18EDF3A7A1D5DE5B /* [CP] Copy Pods Resources */ = {
			isa = PBXShellScriptBuildPhase;
			buildActionMask = 2147483647;
			files = (
			);
			inputPaths = (
			);
			name = "[CP] Copy Pods Resources";
			outputPaths = (
			);
			runOnlyForDeploymentPostprocessing = 0;
			shellPath = /bin/sh;
			shellScript = "\"${SRCROOT}/Pods/Target Support Files/Pods-ConceptuSeries/Pods-ConceptuSeries-resources.sh\"\n";
			showEnvVarsInLog = 0;
		};
/* End PBXShellScriptBuildPhase section */

/* Begin PBXSourcesBuildPhase section */
		61D161DC205CB94E00BDE81A /* Sources */ = {
			isa = PBXSourcesBuildPhase;
			buildActionMask = 2147483647;
			files = (
				619DD975205E108A004A9940 /* Date+Extension.swift in Sources */,
				61043260205DFB78003622F5 /* DetailsShowView.swift in Sources */,
				619DD97A205E1455004A9940 /* Episode+CoreDataProperties.swift in Sources */,
				61AC8CEC205CEA53009447B0 /* EpisodeResponse.swift in Sources */,
				61043242205DC697003622F5 /* PeopleViewController.swift in Sources */,
				619DD97B205E1455004A9940 /* Episode+CoreDataClass.swift in Sources */,
				616B1382205DA0A9005F8D87 /* Show+CoreDataProperties.swift in Sources */,
				61043248205DC7D6003622F5 /* SearchBarView.swift in Sources */,
				6104324B205DCE19003622F5 /* GradientView.swift in Sources */,
				61D161E6205CB94E00BDE81A /* ExploreViewController.swift in Sources */,
				61AC8CDD205CD4D4009447B0 /* TVMazeAPI.swift in Sources */,
				61AC8CD7205CCDCC009447B0 /* DAO.swift in Sources */,
				61852B66205E208F00C22DDF /* UIImageView+Extension.swift in Sources */,
				619DD977205E10C7004A9940 /* DateFormatter+Extension.swift in Sources */,
				6104324E205DD196003622F5 /* ExploreView.swift in Sources */,
				61AC8CD4205CCD8A009447B0 /* CoreDataDAO.swift in Sources */,
				619DD970205E0DEC004A9940 /* DetailsHeaderView.swift in Sources */,
				61D161EC205CB94E00BDE81A /* ConceptuSeries.xcdatamodeld in Sources */,
				612A9391205DAFB800717429 /* FavoriteViewController.swift in Sources */,
				619DD973205E1063004A9940 /* String+Extension.swift in Sources */,
				61D161E4205CB94E00BDE81A /* AppDelegate.swift in Sources */,
				6104325B205DF4FF003622F5 /* UIView+Extension.swift in Sources */,
				61043244205DC74A003622F5 /* NSManagedObject+Extension.swift in Sources */,
				61043250205DD24B003622F5 /* ConstraintManager.swift in Sources */,
				616B1384205DA0A9005F8D87 /* Show+CoreDataClass.swift in Sources */,
				61043256205DDA40003622F5 /* ShowTableViewCell.swift in Sources */,
				61AC8CDF205CD769009447B0 /* ShowResponse.swift in Sources */,
			);
			runOnlyForDeploymentPostprocessing = 0;
		};
		61D161F3205CB94E00BDE81A /* Sources */ = {
			isa = PBXSourcesBuildPhase;
			buildActionMask = 2147483647;
			files = (
				61D161FC205CB94E00BDE81A /* ConceptuSeriesTests.swift in Sources */,
			);
			runOnlyForDeploymentPostprocessing = 0;
		};
		61D161FE205CB94E00BDE81A /* Sources */ = {
			isa = PBXSourcesBuildPhase;
			buildActionMask = 2147483647;
			files = (
				61D16207205CB94E00BDE81A /* ConceptuSeriesUITests.swift in Sources */,
			);
			runOnlyForDeploymentPostprocessing = 0;
		};
/* End PBXSourcesBuildPhase section */

/* Begin PBXTargetDependency section */
		61D161F9205CB94E00BDE81A /* PBXTargetDependency */ = {
			isa = PBXTargetDependency;
			target = 61D161DF205CB94E00BDE81A /* ConceptuSeries */;
			targetProxy = 61D161F8205CB94E00BDE81A /* PBXContainerItemProxy */;
		};
		61D16204205CB94E00BDE81A /* PBXTargetDependency */ = {
			isa = PBXTargetDependency;
			target = 61D161DF205CB94E00BDE81A /* ConceptuSeries */;
			targetProxy = 61D16203205CB94E00BDE81A /* PBXContainerItemProxy */;
		};
/* End PBXTargetDependency section */

/* Begin PBXVariantGroup section */
		61D161E7205CB94E00BDE81A /* Main.storyboard */ = {
			isa = PBXVariantGroup;
			children = (
				61D161E8205CB94E00BDE81A /* Base */,
			);
			name = Main.storyboard;
			sourceTree = "<group>";
		};
		61D161EF205CB94E00BDE81A /* LaunchScreen.storyboard */ = {
			isa = PBXVariantGroup;
			children = (
				61D161F0205CB94E00BDE81A /* Base */,
			);
			name = LaunchScreen.storyboard;
			sourceTree = "<group>";
		};
/* End PBXVariantGroup section */

/* Begin XCBuildConfiguration section */
		61D16209205CB94E00BDE81A /* Debug */ = {
			isa = XCBuildConfiguration;
			buildSettings = {
				ALWAYS_SEARCH_USER_PATHS = NO;
				CLANG_ANALYZER_NONNULL = YES;
				CLANG_ANALYZER_NUMBER_OBJECT_CONVERSION = YES_AGGRESSIVE;
				CLANG_CXX_LANGUAGE_STANDARD = "gnu++14";
				CLANG_CXX_LIBRARY = "libc++";
				CLANG_ENABLE_MODULES = YES;
				CLANG_ENABLE_OBJC_ARC = YES;
				CLANG_WARN_BLOCK_CAPTURE_AUTORELEASING = YES;
				CLANG_WARN_BOOL_CONVERSION = YES;
				CLANG_WARN_COMMA = YES;
				CLANG_WARN_CONSTANT_CONVERSION = YES;
				CLANG_WARN_DIRECT_OBJC_ISA_USAGE = YES_ERROR;
				CLANG_WARN_DOCUMENTATION_COMMENTS = YES;
				CLANG_WARN_EMPTY_BODY = YES;
				CLANG_WARN_ENUM_CONVERSION = YES;
				CLANG_WARN_INFINITE_RECURSION = YES;
				CLANG_WARN_INT_CONVERSION = YES;
				CLANG_WARN_NON_LITERAL_NULL_CONVERSION = YES;
				CLANG_WARN_OBJC_LITERAL_CONVERSION = YES;
				CLANG_WARN_OBJC_ROOT_CLASS = YES_ERROR;
				CLANG_WARN_RANGE_LOOP_ANALYSIS = YES;
				CLANG_WARN_STRICT_PROTOTYPES = YES;
				CLANG_WARN_SUSPICIOUS_MOVE = YES;
				CLANG_WARN_UNGUARDED_AVAILABILITY = YES_AGGRESSIVE;
				CLANG_WARN_UNREACHABLE_CODE = YES;
				CLANG_WARN__DUPLICATE_METHOD_MATCH = YES;
				CODE_SIGN_IDENTITY = "iPhone Developer";
				COPY_PHASE_STRIP = NO;
				DEBUG_INFORMATION_FORMAT = dwarf;
				ENABLE_STRICT_OBJC_MSGSEND = YES;
				ENABLE_TESTABILITY = YES;
				GCC_C_LANGUAGE_STANDARD = gnu11;
				GCC_DYNAMIC_NO_PIC = NO;
				GCC_NO_COMMON_BLOCKS = YES;
				GCC_OPTIMIZATION_LEVEL = 0;
				GCC_PREPROCESSOR_DEFINITIONS = (
					"DEBUG=1",
					"$(inherited)",
				);
				GCC_WARN_64_TO_32_BIT_CONVERSION = YES;
				GCC_WARN_ABOUT_RETURN_TYPE = YES_ERROR;
				GCC_WARN_UNDECLARED_SELECTOR = YES;
				GCC_WARN_UNINITIALIZED_AUTOS = YES_AGGRESSIVE;
				GCC_WARN_UNUSED_FUNCTION = YES;
				GCC_WARN_UNUSED_VARIABLE = YES;
				IPHONEOS_DEPLOYMENT_TARGET = 11.2;
				MTL_ENABLE_DEBUG_INFO = YES;
				ONLY_ACTIVE_ARCH = YES;
				SDKROOT = iphoneos;
				SWIFT_ACTIVE_COMPILATION_CONDITIONS = DEBUG;
				SWIFT_OPTIMIZATION_LEVEL = "-Onone";
			};
			name = Debug;
		};
		61D1620A205CB94E00BDE81A /* Release */ = {
			isa = XCBuildConfiguration;
			buildSettings = {
				ALWAYS_SEARCH_USER_PATHS = NO;
				CLANG_ANALYZER_NONNULL = YES;
				CLANG_ANALYZER_NUMBER_OBJECT_CONVERSION = YES_AGGRESSIVE;
				CLANG_CXX_LANGUAGE_STANDARD = "gnu++14";
				CLANG_CXX_LIBRARY = "libc++";
				CLANG_ENABLE_MODULES = YES;
				CLANG_ENABLE_OBJC_ARC = YES;
				CLANG_WARN_BLOCK_CAPTURE_AUTORELEASING = YES;
				CLANG_WARN_BOOL_CONVERSION = YES;
				CLANG_WARN_COMMA = YES;
				CLANG_WARN_CONSTANT_CONVERSION = YES;
				CLANG_WARN_DIRECT_OBJC_ISA_USAGE = YES_ERROR;
				CLANG_WARN_DOCUMENTATION_COMMENTS = YES;
				CLANG_WARN_EMPTY_BODY = YES;
				CLANG_WARN_ENUM_CONVERSION = YES;
				CLANG_WARN_INFINITE_RECURSION = YES;
				CLANG_WARN_INT_CONVERSION = YES;
				CLANG_WARN_NON_LITERAL_NULL_CONVERSION = YES;
				CLANG_WARN_OBJC_LITERAL_CONVERSION = YES;
				CLANG_WARN_OBJC_ROOT_CLASS = YES_ERROR;
				CLANG_WARN_RANGE_LOOP_ANALYSIS = YES;
				CLANG_WARN_STRICT_PROTOTYPES = YES;
				CLANG_WARN_SUSPICIOUS_MOVE = YES;
				CLANG_WARN_UNGUARDED_AVAILABILITY = YES_AGGRESSIVE;
				CLANG_WARN_UNREACHABLE_CODE = YES;
				CLANG_WARN__DUPLICATE_METHOD_MATCH = YES;
				CODE_SIGN_IDENTITY = "iPhone Developer";
				COPY_PHASE_STRIP = NO;
				DEBUG_INFORMATION_FORMAT = "dwarf-with-dsym";
				ENABLE_NS_ASSERTIONS = NO;
				ENABLE_STRICT_OBJC_MSGSEND = YES;
				GCC_C_LANGUAGE_STANDARD = gnu11;
				GCC_NO_COMMON_BLOCKS = YES;
				GCC_WARN_64_TO_32_BIT_CONVERSION = YES;
				GCC_WARN_ABOUT_RETURN_TYPE = YES_ERROR;
				GCC_WARN_UNDECLARED_SELECTOR = YES;
				GCC_WARN_UNINITIALIZED_AUTOS = YES_AGGRESSIVE;
				GCC_WARN_UNUSED_FUNCTION = YES;
				GCC_WARN_UNUSED_VARIABLE = YES;
				IPHONEOS_DEPLOYMENT_TARGET = 11.2;
				MTL_ENABLE_DEBUG_INFO = NO;
				SDKROOT = iphoneos;
				SWIFT_OPTIMIZATION_LEVEL = "-Owholemodule";
				VALIDATE_PRODUCT = YES;
			};
			name = Release;
		};
		61D1620C205CB94E00BDE81A /* Debug */ = {
			isa = XCBuildConfiguration;
			baseConfigurationReference = 542BD72CDE318EDEAB89BB99 /* Pods-ConceptuSeries.debug.xcconfig */;
			buildSettings = {
				ASSETCATALOG_COMPILER_APPICON_NAME = AppIcon;
				CODE_SIGN_STYLE = Automatic;
				DEVELOPMENT_TEAM = YY4FY5E467;
				INFOPLIST_FILE = ConceptuSeries/Info.plist;
				LD_RUNPATH_SEARCH_PATHS = "$(inherited) @executable_path/Frameworks";
				PRODUCT_BUNDLE_IDENTIFIER = com.gabrielcavalcante.ConceptuSeries;
				PRODUCT_NAME = "$(TARGET_NAME)";
				SWIFT_VERSION = 4.0;
				TARGETED_DEVICE_FAMILY = "1,2";
			};
			name = Debug;
		};
		61D1620D205CB94E00BDE81A /* Release */ = {
			isa = XCBuildConfiguration;
			baseConfigurationReference = 56CC2D914305A9FEBC3319C9 /* Pods-ConceptuSeries.release.xcconfig */;
			buildSettings = {
				ASSETCATALOG_COMPILER_APPICON_NAME = AppIcon;
				CODE_SIGN_STYLE = Automatic;
				DEVELOPMENT_TEAM = YY4FY5E467;
				INFOPLIST_FILE = ConceptuSeries/Info.plist;
				LD_RUNPATH_SEARCH_PATHS = "$(inherited) @executable_path/Frameworks";
				PRODUCT_BUNDLE_IDENTIFIER = com.gabrielcavalcante.ConceptuSeries;
				PRODUCT_NAME = "$(TARGET_NAME)";
				SWIFT_VERSION = 4.0;
				TARGETED_DEVICE_FAMILY = "1,2";
			};
			name = Release;
		};
		61D1620F205CB94E00BDE81A /* Debug */ = {
			isa = XCBuildConfiguration;
			baseConfigurationReference = 512439C6925C9DC286EFB1F1 /* Pods-ConceptuSeriesTests.debug.xcconfig */;
			buildSettings = {
				ALWAYS_EMBED_SWIFT_STANDARD_LIBRARIES = YES;
				BUNDLE_LOADER = "$(TEST_HOST)";
				CODE_SIGN_STYLE = Automatic;
				DEVELOPMENT_TEAM = YY4FY5E467;
				INFOPLIST_FILE = ConceptuSeriesTests/Info.plist;
				LD_RUNPATH_SEARCH_PATHS = "$(inherited) @executable_path/Frameworks @loader_path/Frameworks";
				PRODUCT_BUNDLE_IDENTIFIER = com.gabrielcavalcante.ConceptuSeriesTests;
				PRODUCT_NAME = "$(TARGET_NAME)";
				SWIFT_VERSION = 4.0;
				TARGETED_DEVICE_FAMILY = "1,2";
				TEST_HOST = "$(BUILT_PRODUCTS_DIR)/ConceptuSeries.app/ConceptuSeries";
			};
			name = Debug;
		};
		61D16210205CB94E00BDE81A /* Release */ = {
			isa = XCBuildConfiguration;
			baseConfigurationReference = D3B4B0BF7DF9D4582EDC7DE2 /* Pods-ConceptuSeriesTests.release.xcconfig */;
			buildSettings = {
				ALWAYS_EMBED_SWIFT_STANDARD_LIBRARIES = YES;
				BUNDLE_LOADER = "$(TEST_HOST)";
				CODE_SIGN_STYLE = Automatic;
				DEVELOPMENT_TEAM = YY4FY5E467;
				INFOPLIST_FILE = ConceptuSeriesTests/Info.plist;
				LD_RUNPATH_SEARCH_PATHS = "$(inherited) @executable_path/Frameworks @loader_path/Frameworks";
				PRODUCT_BUNDLE_IDENTIFIER = com.gabrielcavalcante.ConceptuSeriesTests;
				PRODUCT_NAME = "$(TARGET_NAME)";
				SWIFT_VERSION = 4.0;
				TARGETED_DEVICE_FAMILY = "1,2";
				TEST_HOST = "$(BUILT_PRODUCTS_DIR)/ConceptuSeries.app/ConceptuSeries";
			};
			name = Release;
		};
		61D16212205CB94E00BDE81A /* Debug */ = {
			isa = XCBuildConfiguration;
			baseConfigurationReference = 5E2FF7D440BC7525781E543F /* Pods-ConceptuSeriesUITests.debug.xcconfig */;
			buildSettings = {
				ALWAYS_EMBED_SWIFT_STANDARD_LIBRARIES = YES;
				CODE_SIGN_STYLE = Automatic;
				DEVELOPMENT_TEAM = YY4FY5E467;
				INFOPLIST_FILE = ConceptuSeriesUITests/Info.plist;
				LD_RUNPATH_SEARCH_PATHS = "$(inherited) @executable_path/Frameworks @loader_path/Frameworks";
				PRODUCT_BUNDLE_IDENTIFIER = com.gabrielcavalcante.ConceptuSeriesUITests;
				PRODUCT_NAME = "$(TARGET_NAME)";
				SWIFT_VERSION = 4.0;
				TARGETED_DEVICE_FAMILY = "1,2";
				TEST_TARGET_NAME = ConceptuSeries;
			};
			name = Debug;
		};
		61D16213205CB94E00BDE81A /* Release */ = {
			isa = XCBuildConfiguration;
			baseConfigurationReference = 3CC2F61EEDE9DE57D4CDC5AD /* Pods-ConceptuSeriesUITests.release.xcconfig */;
			buildSettings = {
				ALWAYS_EMBED_SWIFT_STANDARD_LIBRARIES = YES;
				CODE_SIGN_STYLE = Automatic;
				DEVELOPMENT_TEAM = YY4FY5E467;
				INFOPLIST_FILE = ConceptuSeriesUITests/Info.plist;
				LD_RUNPATH_SEARCH_PATHS = "$(inherited) @executable_path/Frameworks @loader_path/Frameworks";
				PRODUCT_BUNDLE_IDENTIFIER = com.gabrielcavalcante.ConceptuSeriesUITests;
				PRODUCT_NAME = "$(TARGET_NAME)";
				SWIFT_VERSION = 4.0;
				TARGETED_DEVICE_FAMILY = "1,2";
				TEST_TARGET_NAME = ConceptuSeries;
			};
			name = Release;
		};
/* End XCBuildConfiguration section */

/* Begin XCConfigurationList section */
		61D161DB205CB94E00BDE81A /* Build configuration list for PBXProject "ConceptuSeries" */ = {
			isa = XCConfigurationList;
			buildConfigurations = (
				61D16209205CB94E00BDE81A /* Debug */,
				61D1620A205CB94E00BDE81A /* Release */,
			);
			defaultConfigurationIsVisible = 0;
			defaultConfigurationName = Release;
		};
		61D1620B205CB94E00BDE81A /* Build configuration list for PBXNativeTarget "ConceptuSeries" */ = {
			isa = XCConfigurationList;
			buildConfigurations = (
				61D1620C205CB94E00BDE81A /* Debug */,
				61D1620D205CB94E00BDE81A /* Release */,
			);
			defaultConfigurationIsVisible = 0;
			defaultConfigurationName = Release;
		};
		61D1620E205CB94E00BDE81A /* Build configuration list for PBXNativeTarget "ConceptuSeriesTests" */ = {
			isa = XCConfigurationList;
			buildConfigurations = (
				61D1620F205CB94E00BDE81A /* Debug */,
				61D16210205CB94E00BDE81A /* Release */,
			);
			defaultConfigurationIsVisible = 0;
			defaultConfigurationName = Release;
		};
		61D16211205CB94E00BDE81A /* Build configuration list for PBXNativeTarget "ConceptuSeriesUITests" */ = {
			isa = XCConfigurationList;
			buildConfigurations = (
				61D16212205CB94E00BDE81A /* Debug */,
				61D16213205CB94E00BDE81A /* Release */,
			);
			defaultConfigurationIsVisible = 0;
			defaultConfigurationName = Release;
		};
/* End XCConfigurationList section */

/* Begin XCVersionGroup section */
		61D161EA205CB94E00BDE81A /* ConceptuSeries.xcdatamodeld */ = {
			isa = XCVersionGroup;
			children = (
				61D161EB205CB94E00BDE81A /* ConceptuSeries.xcdatamodel */,
			);
			currentVersion = 61D161EB205CB94E00BDE81A /* ConceptuSeries.xcdatamodel */;
			path = ConceptuSeries.xcdatamodeld;
			sourceTree = "<group>";
			versionGroupType = wrapper.xcdatamodel;
		};
/* End XCVersionGroup section */
	};
	rootObject = 61D161D8205CB94E00BDE81A /* Project object */;
}
